
Microsoft Visual Studio Solution File, Format Version 12.00
# Visual Studio 15
VisualStudioVersion = 15.0.28307.438
MinimumVisualStudioVersion = 10.0.40219.1
Project("{FAE04EC0-301F-11D3-BF4B-00C04F79EFBC}") = "Whatsapp", "Whatsapp\Whatsapp.csproj", "{6AEA61E2-C28A-4DB3-BEC0-3E27AE385CAE}"
EndProject
Global
	GlobalSection(SolutionConfigurationPlatforms) = preSolution
		Debug|Any CPU = Debug|Any CPU
		Release|Any CPU = Release|Any CPU
	EndGlobalSection
	GlobalSection(ProjectConfigurationPlatforms) = postSolution
		{6AEA61E2-C28A-4DB3-BEC0-3E27AE385CAE}.Debug|Any CPU.ActiveCfg = Debug|Any CPU
		{6AEA61E2-C28A-4DB3-BEC0-3E27AE385CAE}.Debug|Any CPU.Build.0 = Debug|Any CPU
		{6AEA61E2-C28A-4DB3-BEC0-3E27AE385CAE}.Release|Any CPU.ActiveCfg = Release|Any CPU
		{6AEA61E2-C28A-4DB3-BEC0-3E27AE385CAE}.Release|Any CPU.Build.0 = Release|Any CPU
	EndGlobalSection
	GlobalSection(SolutionProperties) = preSolution
		HideSolutionNode = FALSE
	EndGlobalSection
	GlobalSection(ExtensibilityGlobals) = postSolution
		SolutionGuid = {193794D3-D792-4D0A-8D20-EAE0D51C101D}
	EndGlobalSection
EndGlobal
